
Microsoft Visual Studio Solution File, Format Version 12.00
# Visual Studio Version 17
VisualStudioVersion = 17.7.34031.279
MinimumVisualStudioVersion = 10.0.40219.1
Project("{FAE04EC0-301F-11D3-BF4B-00C04F79EFBC}") = "DTOs", "DTOs.csproj", "{3DEC4AF7-D07B-444E-8E6B-5E5F6DC017E0}"
EndProject
Global
	GlobalSection(SolutionConfigurationPlatforms) = preSolution
		Debug|Any CPU = Debug|Any CPU
		Release|Any CPU = Release|Any CPU
	EndGlobalSection
	GlobalSection(ProjectConfigurationPlatforms) = postSolution
		{3DEC4AF7-D07B-444E-8E6B-5E5F6DC017E0}.Debug|Any CPU.ActiveCfg = Debug|Any CPU
		{3DEC4AF7-D07B-444E-8E6B-5E5F6DC017E0}.Debug|Any CPU.Build.0 = Debug|Any CPU
		{3DEC4AF7-D07B-444E-8E6B-5E5F6DC017E0}.Release|Any CPU.ActiveCfg = Release|Any CPU
		{3DEC4AF7-D07B-444E-8E6B-5E5F6DC017E0}.Release|Any CPU.Build.0 = Release|Any CPU
	EndGlobalSection
	GlobalSection(SolutionProperties) = preSolution
		HideSolutionNode = FALSE
	EndGlobalSection
	GlobalSection(ExtensibilityGlobals) = postSolution
		SolutionGuid = {20FF52FD-6814-4B55-81FE-F33A96006B3D}
	EndGlobalSection
EndGlobal
